
Microsoft Visual Studio Solution File, Format Version 12.00
# Visual Studio 15
VisualStudioVersion = 15.0.26430.16
MinimumVisualStudioVersion = 10.0.40219.1
Project("{FAE04EC0-301F-11D3-BF4B-00C04F79EFBC}") = "NSPJProject", "NSPJProject\NSPJProject.csproj", "{F9C06AE5-11D4-4DFC-8829-BF22EADEDE78}"
EndProject
Project("{FAE04EC0-301F-11D3-BF4B-00C04F79EFBC}") = "Profile Creation Page 1", "..\Behavior Layout\BehaviorAnalysis\WpfApp1\Profile Creation Page 1.csproj", "{4AF7A18C-F284-464D-8902-A5930C390AC0}"
EndProject
Project("{FAE04EC0-301F-11D3-BF4B-00C04F79EFBC}") = "UserModel", "..\Resource\User Model\UserModel\UserModel\UserModel.csproj", "{BE36DE03-71D7-44C6-A6C6-D6B8AF6C6F61}"
EndProject
Project("{FAE04EC0-301F-11D3-BF4B-00C04F79EFBC}") = "AlgorithmLibary", "..\Resource\Algorithms\AlgorithmClass\ClassLibrary1\AlgorithmLibary.csproj", "{068596FC-3EFC-419A-AC3E-B081D5854AAB}"
EndProject
Project("{888888A0-9F3D-457C-B088-3A5042F75D52}") = "testing", "..\Resource\Algorithms\testing\testing.pyproj", "{79CC2048-A797-44A0-BC4F-7EE49E3C3E82}"
EndProject
Global
	GlobalSection(SolutionConfigurationPlatforms) = preSolution
		Debug|Any CPU = Debug|Any CPU
		Release|Any CPU = Release|Any CPU
	EndGlobalSection
	GlobalSection(ProjectConfigurationPlatforms) = postSolution
		{F9C06AE5-11D4-4DFC-8829-BF22EADEDE78}.Debug|Any CPU.ActiveCfg = Debug|Any CPU
		{F9C06AE5-11D4-4DFC-8829-BF22EADEDE78}.Debug|Any CPU.Build.0 = Debug|Any CPU
		{F9C06AE5-11D4-4DFC-8829-BF22EADEDE78}.Release|Any CPU.ActiveCfg = Release|Any CPU
		{F9C06AE5-11D4-4DFC-8829-BF22EADEDE78}.Release|Any CPU.Build.0 = Release|Any CPU
		{4AF7A18C-F284-464D-8902-A5930C390AC0}.Debug|Any CPU.ActiveCfg = Debug|Any CPU
		{4AF7A18C-F284-464D-8902-A5930C390AC0}.Debug|Any CPU.Build.0 = Debug|Any CPU
		{4AF7A18C-F284-464D-8902-A5930C390AC0}.Release|Any CPU.ActiveCfg = Release|Any CPU
		{4AF7A18C-F284-464D-8902-A5930C390AC0}.Release|Any CPU.Build.0 = Release|Any CPU
		{BE36DE03-71D7-44C6-A6C6-D6B8AF6C6F61}.Debug|Any CPU.ActiveCfg = Debug|Any CPU
		{BE36DE03-71D7-44C6-A6C6-D6B8AF6C6F61}.Debug|Any CPU.Build.0 = Debug|Any CPU
		{BE36DE03-71D7-44C6-A6C6-D6B8AF6C6F61}.Release|Any CPU.ActiveCfg = Release|Any CPU
		{BE36DE03-71D7-44C6-A6C6-D6B8AF6C6F61}.Release|Any CPU.Build.0 = Release|Any CPU
		{068596FC-3EFC-419A-AC3E-B081D5854AAB}.Debug|Any CPU.ActiveCfg = Debug|Any CPU
		{068596FC-3EFC-419A-AC3E-B081D5854AAB}.Debug|Any CPU.Build.0 = Debug|Any CPU
		{068596FC-3EFC-419A-AC3E-B081D5854AAB}.Release|Any CPU.ActiveCfg = Release|Any CPU
		{068596FC-3EFC-419A-AC3E-B081D5854AAB}.Release|Any CPU.Build.0 = Release|Any CPU
		{79CC2048-A797-44A0-BC4F-7EE49E3C3E82}.Debug|Any CPU.ActiveCfg = Debug|Any CPU
		{79CC2048-A797-44A0-BC4F-7EE49E3C3E82}.Release|Any CPU.ActiveCfg = Release|Any CPU
	EndGlobalSection
	GlobalSection(SolutionProperties) = preSolution
		HideSolutionNode = FALSE
	EndGlobalSection
EndGlobal
